
Microsoft Visual Studio Solution File, Format Version 12.00
# Visual Studio Version 17
VisualStudioVersion = 17.9.34902.65
MinimumVisualStudioVersion = 10.0.40219.1
Project("{9A19103F-16F7-4668-BE54-9A1E7A4F7556}") = "Filmpoisk", "Filmpoisk.csproj", "{C1EB9953-2D76-4DB4-8B0B-7C3F5D6EFC10}"
EndProject
Global
	GlobalSection(SolutionConfigurationPlatforms) = preSolution
		Debug|Any CPU = Debug|Any CPU
		Release|Any CPU = Release|Any CPU
	EndGlobalSection
	GlobalSection(ProjectConfigurationPlatforms) = postSolution
		{C1EB9953-2D76-4DB4-8B0B-7C3F5D6EFC10}.Debug|Any CPU.ActiveCfg = Debug|Any CPU
		{C1EB9953-2D76-4DB4-8B0B-7C3F5D6EFC10}.Debug|Any CPU.Build.0 = Debug|Any CPU
		{C1EB9953-2D76-4DB4-8B0B-7C3F5D6EFC10}.Release|Any CPU.ActiveCfg = Release|Any CPU
		{C1EB9953-2D76-4DB4-8B0B-7C3F5D6EFC10}.Release|Any CPU.Build.0 = Release|Any CPU
	EndGlobalSection
	GlobalSection(SolutionProperties) = preSolution
		HideSolutionNode = FALSE
	EndGlobalSection
	GlobalSection(ExtensibilityGlobals) = postSolution
		SolutionGuid = {C4CA59A6-EFAC-4F86-B81E-08EB394E5BC2}
	EndGlobalSection
EndGlobal
